
Microsoft Visual Studio Solution File, Format Version 12.00
# Visual Studio Version 17
VisualStudioVersion = 17.5.002.0
MinimumVisualStudioVersion = 10.0.40219.1
Project("{2150E333-8FDC-42A3-9474-1A3956D46DE8}") = "content", "content", "{A6EC093C-7A42-4695-BB4A-F39DD2DC5A18}"
EndProject
Project("{2150E333-8FDC-42A3-9474-1A3956D46DE8}") = "posts", "posts", "{70C4E35F-E0EF-4FC5-867C-7D1CFD997B72}"
EndProject
Project("{9A19103F-16F7-4668-BE54-9A1E7A4F7556}") = "CsvInclude", "content\posts\csv-source-generation\CsvInclude.csproj", "{E3921ABB-946B-4E69-B211-CA4B92848441}"
EndProject
Project("{9A19103F-16F7-4668-BE54-9A1E7A4F7556}") = "PackageReference", "content\posts\csv-source-generation\PackageReference.csproj", "{BD4A06F6-295B-4E10-A732-FBEBEE1AE92B}"
EndProject
Project("{2150E333-8FDC-42A3-9474-1A3956D46DE8}") = "public", "public", "{C524EDC8-0CD6-4F3A-869F-0410FF7EECAB}"
EndProject
Project("{2150E333-8FDC-42A3-9474-1A3956D46DE8}") = "posts", "posts", "{7476F3C7-523F-4495-AA91-0B31CB821BBB}"
EndProject
Project("{9A19103F-16F7-4668-BE54-9A1E7A4F7556}") = "CsvInclude", "public\posts\csv-source-generation\CsvInclude.csproj", "{9CD94B3C-FB64-49E1-9663-44DD3C43A866}"
EndProject
Project("{9A19103F-16F7-4668-BE54-9A1E7A4F7556}") = "PackageReference", "public\posts\csv-source-generation\PackageReference.csproj", "{8F0DA79D-707D-477E-AD49-C9031EC2E7D2}"
EndProject
Global
	GlobalSection(SolutionConfigurationPlatforms) = preSolution
		Debug|Any CPU = Debug|Any CPU
		Release|Any CPU = Release|Any CPU
	EndGlobalSection
	GlobalSection(ProjectConfigurationPlatforms) = postSolution
		{E3921ABB-946B-4E69-B211-CA4B92848441}.Debug|Any CPU.ActiveCfg = Debug|Any CPU
		{E3921ABB-946B-4E69-B211-CA4B92848441}.Debug|Any CPU.Build.0 = Debug|Any CPU
		{E3921ABB-946B-4E69-B211-CA4B92848441}.Release|Any CPU.ActiveCfg = Release|Any CPU
		{E3921ABB-946B-4E69-B211-CA4B92848441}.Release|Any CPU.Build.0 = Release|Any CPU
		{BD4A06F6-295B-4E10-A732-FBEBEE1AE92B}.Debug|Any CPU.ActiveCfg = Debug|Any CPU
		{BD4A06F6-295B-4E10-A732-FBEBEE1AE92B}.Debug|Any CPU.Build.0 = Debug|Any CPU
		{BD4A06F6-295B-4E10-A732-FBEBEE1AE92B}.Release|Any CPU.ActiveCfg = Release|Any CPU
		{BD4A06F6-295B-4E10-A732-FBEBEE1AE92B}.Release|Any CPU.Build.0 = Release|Any CPU
		{9CD94B3C-FB64-49E1-9663-44DD3C43A866}.Debug|Any CPU.ActiveCfg = Debug|Any CPU
		{9CD94B3C-FB64-49E1-9663-44DD3C43A866}.Debug|Any CPU.Build.0 = Debug|Any CPU
		{9CD94B3C-FB64-49E1-9663-44DD3C43A866}.Release|Any CPU.ActiveCfg = Release|Any CPU
		{9CD94B3C-FB64-49E1-9663-44DD3C43A866}.Release|Any CPU.Build.0 = Release|Any CPU
		{8F0DA79D-707D-477E-AD49-C9031EC2E7D2}.Debug|Any CPU.ActiveCfg = Debug|Any CPU
		{8F0DA79D-707D-477E-AD49-C9031EC2E7D2}.Debug|Any CPU.Build.0 = Debug|Any CPU
		{8F0DA79D-707D-477E-AD49-C9031EC2E7D2}.Release|Any CPU.ActiveCfg = Release|Any CPU
		{8F0DA79D-707D-477E-AD49-C9031EC2E7D2}.Release|Any CPU.Build.0 = Release|Any CPU
	EndGlobalSection
	GlobalSection(SolutionProperties) = preSolution
		HideSolutionNode = FALSE
	EndGlobalSection
	GlobalSection(NestedProjects) = preSolution
		{70C4E35F-E0EF-4FC5-867C-7D1CFD997B72} = {A6EC093C-7A42-4695-BB4A-F39DD2DC5A18}
		{E3921ABB-946B-4E69-B211-CA4B92848441} = {70C4E35F-E0EF-4FC5-867C-7D1CFD997B72}
		{BD4A06F6-295B-4E10-A732-FBEBEE1AE92B} = {70C4E35F-E0EF-4FC5-867C-7D1CFD997B72}
		{7476F3C7-523F-4495-AA91-0B31CB821BBB} = {C524EDC8-0CD6-4F3A-869F-0410FF7EECAB}
		{9CD94B3C-FB64-49E1-9663-44DD3C43A866} = {7476F3C7-523F-4495-AA91-0B31CB821BBB}
		{8F0DA79D-707D-477E-AD49-C9031EC2E7D2} = {7476F3C7-523F-4495-AA91-0B31CB821BBB}
	EndGlobalSection
	GlobalSection(ExtensibilityGlobals) = postSolution
		SolutionGuid = {35BD4AC2-830E-47D4-9FF6-0A697B66B9D6}
	EndGlobalSection
EndGlobal
